
Microsoft Visual Studio Solution File, Format Version 12.00
# Visual Studio 15
VisualStudioVersion = 15.0.28307.572
MinimumVisualStudioVersion = 10.0.40219.1
Project("{FAE04EC0-301F-11D3-BF4B-00C04F79EFBC}") = "VKBotWebApp", "VKBotWebApp\VKBotWebApp.csproj", "{BB6F8259-52EB-42CE-8A3D-43DF02351275}"
EndProject
Global
	GlobalSection(SolutionConfigurationPlatforms) = preSolution
		Debug|Any CPU = Debug|Any CPU
		Release|Any CPU = Release|Any CPU
	EndGlobalSection
	GlobalSection(ProjectConfigurationPlatforms) = postSolution
		{BB6F8259-52EB-42CE-8A3D-43DF02351275}.Debug|Any CPU.ActiveCfg = Debug|Any CPU
		{BB6F8259-52EB-42CE-8A3D-43DF02351275}.Debug|Any CPU.Build.0 = Debug|Any CPU
		{BB6F8259-52EB-42CE-8A3D-43DF02351275}.Release|Any CPU.ActiveCfg = Release|Any CPU
		{BB6F8259-52EB-42CE-8A3D-43DF02351275}.Release|Any CPU.Build.0 = Release|Any CPU
	EndGlobalSection
	GlobalSection(SolutionProperties) = preSolution
		HideSolutionNode = FALSE
	EndGlobalSection
	GlobalSection(ExtensibilityGlobals) = postSolution
		SolutionGuid = {220AC4CE-ECE7-4A5C-9820-0ECDE7818376}
	EndGlobalSection
EndGlobal
